// !$*UTF8*$!
{
	archiveVersion = 1;
	classes = {
	};
	objectVersion = 60;
	objects = {

/* Begin PBXAggregateTarget section */
		33CC111A2044C6BA0003C045 /* Flutter Assemble */ = {
			isa = PBXAggregateTarget;
			buildConfigurationList = 33CC111B2044C6BA0003C045 /* Build configuration list for PBXAggregateTarget "Flutter Assemble" */;
			buildPhases = (
				33CC111E2044C6BF0003C045 /* ShellScript */,
			);
			dependencies = (
			);
			name = "Flutter Assemble";
			productName = FLX;
		};
/* End PBXAggregateTarget section */

/* Begin PBXBuildFile section */
		176C43875B8347F633CB4377 /* Model.swift in Sources */ = {isa = PBXBuildFile; fileRef = EBE36B402F9683E000686880 /* Model.swift */; };
		1DF0787BCC3CBA1911726075 /* ControlExtension.appex in Embed Foundation Extensions */ = {isa = PBXBuildFile; fileRef = 7377CFAD5E453961838E9A7F /* ControlExtension.appex */; settings = {ATTRIBUTES = (RemoveHeadersOnCopy, ); }; };
		335BBD1B22A9A15E00E9071D /* GeneratedPluginRegistrant.swift in Sources */ = {isa = PBXBuildFile; fileRef = 335BBD1A22A9A15E00E9071D /* GeneratedPluginRegistrant.swift */; };
		33CC10F32044A3C60003C045 /* Assets.xcassets in Resources */ = {isa = PBXBuildFile; fileRef = 33CC10F22044A3C60003C045 /* Assets.xcassets */; };
		33CC10F62044A3C60003C045 /* MainMenu.xib in Resources */ = {isa = PBXBuildFile; fileRef = 33CC10F42044A3C60003C045 /* MainMenu.xib */; };
		3D61E60E16315CC01AB5E814 /* ControlExtensionBundle.swift in Sources */ = {isa = PBXBuildFile; fileRef = 9955024CAD6A4F997678CB31 /* ControlExtensionBundle.swift */; };
		4FF771CD650CDF5805FDE8A5 /* ProxyControlWidget.swift in Sources */ = {isa = PBXBuildFile; fileRef = 1ED51E0031E6B52B5739350D /* ProxyControlWidget.swift */; };
		78A318202AECB46A00862997 /* FlutterGeneratedPluginSwiftPackage in Frameworks */ = {isa = PBXBuildFile; productRef = 78A3181F2AECB46A00862997 /* FlutterGeneratedPluginSwiftPackage */; };
		9949B823A89E835E9FEE31E7 /* Constants.swift in Sources */ = {isa = PBXBuildFile; fileRef = EBE36B3D2F9683E000686880 /* Constants.swift */; };
		AA3FC17BF9229948CB929B0C /* QuickControl.swift in Sources */ = {isa = PBXBuildFile; fileRef = B53FB75158B180F9B6128668 /* QuickControl.swift */; };
		ABF78CEDB0AD4A28895B7249 /* MenuBarController.swift in Sources */ = {isa = PBXBuildFile; fileRef = 710E95CF0026389033F2ADFA /* MenuBarController.swift */; };
		B98B8EA57DD711F156A330A3 /* Tools.swift in Sources */ = {isa = PBXBuildFile; fileRef = EBE36B412F9683E000686880 /* Tools.swift */; };
		BC938E74282B844530471508 /* QuickControl.swift in Sources */ = {isa = PBXBuildFile; fileRef = B53FB75158B180F9B6128668 /* QuickControl.swift */; };
		C2BE0928F7AAB7119DB06846 /* Foundation.framework in Frameworks */ = {isa = PBXBuildFile; fileRef = CA8CD5748376BF49F1B43237 /* Foundation.framework */; };
		C611011959241D010BC0DF82 /* Logger.swift in Sources */ = {isa = PBXBuildFile; fileRef = EBE36B3F2F9683E000686880 /* Logger.swift */; };
		EB68C72D2F95200E007C293A /* Messages.g.swift in Sources */ = {isa = PBXBuildFile; fileRef = EB68C7212F95200E007C293A /* Messages.g.swift */; };
		EB68C72E2F95200E007C293A /* AppDelegate.swift in Sources */ = {isa = PBXBuildFile; fileRef = EB68C7272F95200E007C293A /* AppDelegate.swift */; };
		EB68C72F2F95200E007C293A /* MainFlutterWindow.swift in Sources */ = {isa = PBXBuildFile; fileRef = EB68C7282F95200E007C293A /* MainFlutterWindow.swift */; };
		EB68C7302F95200E007C293A /* FlutterApi.swift in Sources */ = {isa = PBXBuildFile; fileRef = EB68C71F2F95200E007C293A /* FlutterApi.swift */; };
		EB68C7312F95200E007C293A /* SystemExtensionManager.swift in Sources */ = {isa = PBXBuildFile; fileRef = EB68C7292F95200E007C293A /* SystemExtensionManager.swift */; };
		EB68C7322F95200E007C293A /* Vpn.swift in Sources */ = {isa = PBXBuildFile; fileRef = EB68C7232F95200E007C293A /* Vpn.swift */; };
		EB68C7332F95200E007C293A /* HostApi.swift in Sources */ = {isa = PBXBuildFile; fileRef = EB68C7202F95200E007C293A /* HostApi.swift */; };
		EB9A10042FE6000000000004 /* IconBlue.icon in Resources */ = {isa = PBXBuildFile; fileRef = EB9A10032FE6000000000003 /* IconBlue.icon */; };
		EBD100022FE7000000000002 /* LaunchAtLogin.swift in Sources */ = {isa = PBXBuildFile; fileRef = EBD100012FE7000000000001 /* LaunchAtLogin.swift */; };
		EBD200022FE8000000000002 /* DockIcon.swift in Sources */ = {isa = PBXBuildFile; fileRef = EBD200012FE8000000000001 /* DockIcon.swift */; };
		EBD300022FE9000000000002 /* DatFileTransfer.swift in Sources */ = {isa = PBXBuildFile; fileRef = EBD300012FE9000000000001 /* DatFileTransfer.swift */; };
		EBD300032FE9000000000003 /* DatFileTransfer.swift in Sources */ = {isa = PBXBuildFile; fileRef = EBD300012FE9000000000001 /* DatFileTransfer.swift */; };
		EBE36B3B2F9683C900686880 /* PacketTunnelProvider.swift in Sources */ = {isa = PBXBuildFile; fileRef = EBE36B392F9683C900686880 /* PacketTunnelProvider.swift */; };
		EBE36B442F9683E000686880 /* Logger.swift in Sources */ = {isa = PBXBuildFile; fileRef = EBE36B3F2F9683E000686880 /* Logger.swift */; };
		EBE36B452F9683E000686880 /* Constants.swift in Sources */ = {isa = PBXBuildFile; fileRef = EBE36B3D2F9683E000686880 /* Constants.swift */; };
		EBE36B462F9683E000686880 /* Model.swift in Sources */ = {isa = PBXBuildFile; fileRef = EBE36B402F9683E000686880 /* Model.swift */; };
		EBE36B472F9683E000686880 /* Tools.swift in Sources */ = {isa = PBXBuildFile; fileRef = EBE36B412F9683E000686880 /* Tools.swift */; };
		EBE36B482F9683E000686880 /* LibXray.xcframework in Frameworks */ = {isa = PBXBuildFile; fileRef = EBE36B3E2F9683E000686880 /* LibXray.xcframework */; };
		EBE36B492F9683E000686880 /* LibXray.xcframework in Frameworks */ = {isa = PBXBuildFile; fileRef = EBE36B3E2F9683E000686880 /* LibXray.xcframework */; };
		EBE36B4A2F9683E000686880 /* Logger.swift in Sources */ = {isa = PBXBuildFile; fileRef = EBE36B3F2F9683E000686880 /* Logger.swift */; };
		EBE36B4B2F9683E000686880 /* Constants.swift in Sources */ = {isa = PBXBuildFile; fileRef = EBE36B3D2F9683E000686880 /* Constants.swift */; };
		EBE36B4C2F9683E000686880 /* Model.swift in Sources */ = {isa = PBXBuildFile; fileRef = EBE36B402F9683E000686880 /* Model.swift */; };
		EBE36B4D2F9683E000686880 /* Tools.swift in Sources */ = {isa = PBXBuildFile; fileRef = EBE36B412F9683E000686880 /* Tools.swift */; };
		EBEAD85B2B95749600A8D27B /* NetworkExtension.framework in Frameworks */ = {isa = PBXBuildFile; fileRef = EBEAD85A2B95749600A8D27B /* NetworkExtension.framework */; };
		EBEAD8632B95749600A8D27B /* tunnel.appex in Embed Foundation Extensions */ = {isa = PBXBuildFile; fileRef = EBEAD8592B95749600A8D27B /* tunnel.appex */; settings = {ATTRIBUTES = (RemoveHeadersOnCopy, ); }; };
		EBEAD8892B9578E700A8D27B /* libresolv.tbd in Frameworks */ = {isa = PBXBuildFile; fileRef = EBEAD8882B9578E000A8D27B /* libresolv.tbd */; };
		EBEAD88A2B9578F000A8D27B /* libresolv.tbd in Frameworks */ = {isa = PBXBuildFile; fileRef = EBEAD8882B9578E000A8D27B /* libresolv.tbd */; };
		F04BCA3048909E64808C63A5 /* LibXray.xcframework in Frameworks */ = {isa = PBXBuildFile; fileRef = EBE36B3E2F9683E000686880 /* LibXray.xcframework */; };
/* End PBXBuildFile section */

/* Begin PBXContainerItemProxy section */
		33CC111F2044C79F0003C045 /* PBXContainerItemProxy */ = {
			isa = PBXContainerItemProxy;
			containerPortal = 33CC10E52044A3C60003C045 /* Project object */;
			proxyType = 1;
			remoteGlobalIDString = 33CC111A2044C6BA0003C045;
			remoteInfo = FLX;
		};
		A434C9BCEB194F1C319EE60E /* PBXContainerItemProxy */ = {
			isa = PBXContainerItemProxy;
			containerPortal = 33CC10E52044A3C60003C045 /* Project object */;
			proxyType = 1;
			remoteGlobalIDString = 6359F23D6C59E13CD2D08431;
			remoteInfo = ControlExtension;
		};
		EBEAD8612B95749600A8D27B /* PBXContainerItemProxy */ = {
			isa = PBXContainerItemProxy;
			containerPortal = 33CC10E52044A3C60003C045 /* Project object */;
			proxyType = 1;
			remoteGlobalIDString = EBEAD8582B95749600A8D27B;
			remoteInfo = tunnel;
		};
/* End PBXContainerItemProxy section */

/* Begin PBXCopyFilesBuildPhase section */
		33CC110E2044A8840003C045 /* Bundle Framework */ = {
			isa = PBXCopyFilesBuildPhase;
			buildActionMask = 2147483647;
			dstPath = "";
			dstSubfolderSpec = 10;
			files = (
			);
			name = "Bundle Framework";
			runOnlyForDeploymentPostprocessing = 0;
		};
		EBEAD8642B95749600A8D27B /* Embed Foundation Extensions */ = {
			isa = PBXCopyFilesBuildPhase;
			buildActionMask = 2147483647;
			dstPath = "";
			dstSubfolderSpec = 13;
			files = (
				EBEAD8632B95749600A8D27B /* tunnel.appex in Embed Foundation Extensions */,
				1DF0787BCC3CBA1911726075 /* ControlExtension.appex in Embed Foundation Extensions */,
			);
			name = "Embed Foundation Extensions";
			runOnlyForDeploymentPostprocessing = 0;
		};
/* End PBXCopyFilesBuildPhase section */

/* Begin PBXFileReference section */
		1ED51E0031E6B52B5739350D /* ProxyControlWidget.swift */ = {isa = PBXFileReference; includeInIndex = 1; lastKnownFileType = sourcecode.swift; path = ProxyControlWidget.swift; sourceTree = "<group>"; };
		333000ED22D3DE5D00554162 /* Warnings.xcconfig */ = {isa = PBXFileReference; lastKnownFileType = text.xcconfig; path = Warnings.xcconfig; sourceTree = "<group>"; };
		335BBD1A22A9A15E00E9071D /* GeneratedPluginRegistrant.swift */ = {isa = PBXFileReference; fileEncoding = 4; lastKnownFileType = sourcecode.swift; path = GeneratedPluginRegistrant.swift; sourceTree = "<group>"; };
		33CC10ED2044A3C60003C045 /* OneXray.app */ = {isa = PBXFileReference; explicitFileType = wrapper.application; includeInIndex = 0; path = OneXray.app; sourceTree = BUILT_PRODUCTS_DIR; };
		33CC10F22044A3C60003C045 /* Assets.xcassets */ = {isa = PBXFileReference; lastKnownFileType = folder.assetcatalog; name = Assets.xcassets; path = Runner/Assets.xcassets; sourceTree = "<group>"; };
		33CC10F52044A3C60003C045 /* Base */ = {isa = PBXFileReference; lastKnownFileType = file.xib; name = Base; path = Base.lproj/MainMenu.xib; sourceTree = "<group>"; };
		33CC10F72044A3C60003C045 /* Info.plist */ = {isa = PBXFileReference; lastKnownFileType = text.plist.xml; name = Info.plist; path = Runner/Info.plist; sourceTree = "<group>"; };
		33CEB47222A05771004F2AC0 /* Flutter-Debug.xcconfig */ = {isa = PBXFileReference; lastKnownFileType = text.xcconfig; path = "Flutter-Debug.xcconfig"; sourceTree = "<group>"; };
		33CEB47422A05771004F2AC0 /* Flutter-Release.xcconfig */ = {isa = PBXFileReference; lastKnownFileType = text.xcconfig; path = "Flutter-Release.xcconfig"; sourceTree = "<group>"; };
		33CEB47722A0578A004F2AC0 /* Flutter-Generated.xcconfig */ = {isa = PBXFileReference; lastKnownFileType = text.xcconfig; name = "Flutter-Generated.xcconfig"; path = "ephemeral/Flutter-Generated.xcconfig"; sourceTree = "<group>"; };
		33E51913231747F40026EE4D /* DebugProfile.entitlements */ = {isa = PBXFileReference; lastKnownFileType = text.plist.entitlements; path = DebugProfile.entitlements; sourceTree = "<group>"; };
		33E51914231749380026EE4D /* Release.entitlements */ = {isa = PBXFileReference; fileEncoding = 4; lastKnownFileType = text.plist.entitlements; path = Release.entitlements; sourceTree = "<group>"; };
		33E5194F232828860026EE4D /* AppInfo.xcconfig */ = {isa = PBXFileReference; lastKnownFileType = text.xcconfig; path = AppInfo.xcconfig; sourceTree = "<group>"; };
		710E95CF0026389033F2ADFA /* MenuBarController.swift */ = {isa = PBXFileReference; includeInIndex = 1; lastKnownFileType = sourcecode.swift; path = MenuBarController.swift; sourceTree = "<group>"; };
		7377CFAD5E453961838E9A7F /* ControlExtension.appex */ = {isa = PBXFileReference; explicitFileType = "wrapper.app-extension"; includeInIndex = 0; name = ControlExtension.appex; path = ControlExtension.appex; sourceTree = BUILT_PRODUCTS_DIR; };
		78E0A7A72DC9AD7400C4905E /* FlutterGeneratedPluginSwiftPackage */ = {isa = PBXFileReference; lastKnownFileType = wrapper; name = FlutterGeneratedPluginSwiftPackage; path = ephemeral/Packages/FlutterGeneratedPluginSwiftPackage; sourceTree = "<group>"; };
		7AFA3C8E1D35360C0083082E /* Release.xcconfig */ = {isa = PBXFileReference; lastKnownFileType = text.xcconfig; path = Release.xcconfig; sourceTree = "<group>"; };
		9740EEB21CF90195004384FC /* Debug.xcconfig */ = {isa = PBXFileReference; fileEncoding = 4; lastKnownFileType = text.xcconfig; path = Debug.xcconfig; sourceTree = "<group>"; };
		9955024CAD6A4F997678CB31 /* ControlExtensionBundle.swift */ = {isa = PBXFileReference; includeInIndex = 1; lastKnownFileType = sourcecode.swift; path = ControlExtensionBundle.swift; sourceTree = "<group>"; };
		B53FB75158B180F9B6128668 /* QuickControl.swift */ = {isa = PBXFileReference; includeInIndex = 1; lastKnownFileType = sourcecode.swift; path = QuickControl.swift; sourceTree = "<group>"; };
		CA8CD5748376BF49F1B43237 /* Foundation.framework */ = {isa = PBXFileReference; lastKnownFileType = wrapper.framework; name = Foundation.framework; path = Platforms/iPhoneOS.platform/Developer/SDKs/iPhoneOS18.0.sdk/System/Library/Frameworks/Foundation.framework; sourceTree = DEVELOPER_DIR; };
		EB210DFC2DE868BA00D76E7A /* ru */ = {isa = PBXFileReference; lastKnownFileType = text.plist.strings; name = ru; path = ru.lproj/MainMenu.strings; sourceTree = "<group>"; };
		EB390D832EC84B6500B741BA /* fa */ = {isa = PBXFileReference; lastKnownFileType = text.plist.strings; name = fa; path = fa.lproj/MainMenu.strings; sourceTree = "<group>"; };
		EB68C71F2F95200E007C293A /* FlutterApi.swift */ = {isa = PBXFileReference; lastKnownFileType = sourcecode.swift; path = FlutterApi.swift; sourceTree = "<group>"; };
		EB68C7202F95200E007C293A /* HostApi.swift */ = {isa = PBXFileReference; lastKnownFileType = sourcecode.swift; path = HostApi.swift; sourceTree = "<group>"; };
		EB68C7212F95200E007C293A /* Messages.g.swift */ = {isa = PBXFileReference; lastKnownFileType = sourcecode.swift; path = Messages.g.swift; sourceTree = "<group>"; };
		EB68C7232F95200E007C293A /* Vpn.swift */ = {isa = PBXFileReference; lastKnownFileType = sourcecode.swift; path = Vpn.swift; sourceTree = "<group>"; };
		EB68C7272F95200E007C293A /* AppDelegate.swift */ = {isa = PBXFileReference; lastKnownFileType = sourcecode.swift; path = AppDelegate.swift; sourceTree = "<group>"; };
		EB68C7282F95200E007C293A /* MainFlutterWindow.swift */ = {isa = PBXFileReference; lastKnownFileType = sourcecode.swift; path = MainFlutterWindow.swift; sourceTree = "<group>"; };
		EB68C7292F95200E007C293A /* SystemExtensionManager.swift */ = {isa = PBXFileReference; lastKnownFileType = sourcecode.swift; path = SystemExtensionManager.swift; sourceTree = "<group>"; };
		EB9154212D8EBE7600BFED8B /* zh-Hans */ = {isa = PBXFileReference; lastKnownFileType = text.plist.strings; name = "zh-Hans"; path = "zh-Hans.lproj/MainMenu.strings"; sourceTree = "<group>"; };
		EB957B002FE43D8A00DCB90D /* zh-Hant */ = {isa = PBXFileReference; lastKnownFileType = text.plist.strings; name = "zh-Hant"; path = "zh-Hant.lproj/MainMenu.strings"; sourceTree = "<group>"; };
		EB9A10032FE6000000000003 /* IconBlue.icon */ = {isa = PBXFileReference; lastKnownFileType = folder.iconcomposer.icon; name = IconBlue.icon; path = ../swift/App/AppIcon/IconBlue.icon; sourceTree = SOURCE_ROOT; };
		EBD100012FE7000000000001 /* LaunchAtLogin.swift */ = {isa = PBXFileReference; lastKnownFileType = sourcecode.swift; path = LaunchAtLogin.swift; sourceTree = "<group>"; };
		EBD200012FE8000000000001 /* DockIcon.swift */ = {isa = PBXFileReference; lastKnownFileType = sourcecode.swift; path = DockIcon.swift; sourceTree = "<group>"; };
		EBD300012FE9000000000001 /* DatFileTransfer.swift */ = {isa = PBXFileReference; lastKnownFileType = sourcecode.swift; path = DatFileTransfer.swift; sourceTree = "<group>"; };
		EBE36B392F9683C900686880 /* PacketTunnelProvider.swift */ = {isa = PBXFileReference; lastKnownFileType = sourcecode.swift; path = PacketTunnelProvider.swift; sourceTree = "<group>"; };
		EBE36B3C2F9683E000686880 /* BridgeHeader.h */ = {isa = PBXFileReference; lastKnownFileType = sourcecode.c.h; path = BridgeHeader.h; sourceTree = "<group>"; };
		EBE36B3D2F9683E000686880 /* Constants.swift */ = {isa = PBXFileReference; lastKnownFileType = sourcecode.swift; path = Constants.swift; sourceTree = "<group>"; };
		EBE36B3E2F9683E000686880 /* LibXray.xcframework */ = {isa = PBXFileReference; lastKnownFileType = wrapper.xcframework; path = LibXray.xcframework; sourceTree = "<group>"; };
		EBE36B3F2F9683E000686880 /* Logger.swift */ = {isa = PBXFileReference; lastKnownFileType = sourcecode.swift; path = Logger.swift; sourceTree = "<group>"; };
		EBE36B402F9683E000686880 /* Model.swift */ = {isa = PBXFileReference; lastKnownFileType = sourcecode.swift; path = Model.swift; sourceTree = "<group>"; };
		EBE36B412F9683E000686880 /* Tools.swift */ = {isa = PBXFileReference; lastKnownFileType = sourcecode.swift; path = Tools.swift; sourceTree = "<group>"; };
		EBE36B422F9683E000686880 /* WireGuardKitC.h */ = {isa = PBXFileReference; lastKnownFileType = sourcecode.c.h; path = WireGuardKitC.h; sourceTree = "<group>"; };
		EBEAD8592B95749600A8D27B /* tunnel.appex */ = {isa = PBXFileReference; explicitFileType = "wrapper.app-extension"; includeInIndex = 0; path = tunnel.appex; sourceTree = BUILT_PRODUCTS_DIR; };
		EBEAD85A2B95749600A8D27B /* NetworkExtension.framework */ = {isa = PBXFileReference; lastKnownFileType = wrapper.framework; name = NetworkExtension.framework; path = System/Library/Frameworks/NetworkExtension.framework; sourceTree = SDKROOT; };
		EBEAD85F2B95749600A8D27B /* Info.plist */ = {isa = PBXFileReference; lastKnownFileType = text.plist.xml; path = Info.plist; sourceTree = "<group>"; };
		EBEAD8602B95749600A8D27B /* tunnel.entitlements */ = {isa = PBXFileReference; lastKnownFileType = text.plist.entitlements; path = tunnel.entitlements; sourceTree = "<group>"; };
		EBEAD8882B9578E000A8D27B /* libresolv.tbd */ = {isa = PBXFileReference; lastKnownFileType = "sourcecode.text-based-dylib-definition"; name = libresolv.tbd; path = usr/lib/libresolv.tbd; sourceTree = SDKROOT; };
/* End PBXFileReference section */

/* Begin PBXFrameworksBuildPhase section */
		33CC10EA2044A3C60003C045 /* Frameworks */ = {
			isa = PBXFrameworksBuildPhase;
			buildActionMask = 2147483647;
			files = (
				78A318202AECB46A00862997 /* FlutterGeneratedPluginSwiftPackage in Frameworks */,
				EBE36B492F9683E000686880 /* LibXray.xcframework in Frameworks */,
				EBEAD8892B9578E700A8D27B /* libresolv.tbd in Frameworks */,
			);
			runOnlyForDeploymentPostprocessing = 0;
		};
		4BFDF1E5F5E1CFC9E72CC2F8 /* Frameworks */ = {
			isa = PBXFrameworksBuildPhase;
			buildActionMask = 2147483647;
			files = (
				C2BE0928F7AAB7119DB06846 /* Foundation.framework in Frameworks */,
				F04BCA3048909E64808C63A5 /* LibXray.xcframework in Frameworks */,
			);
			runOnlyForDeploymentPostprocessing = 0;
		};
		EBEAD8562B95749600A8D27B /* Frameworks */ = {
			isa = PBXFrameworksBuildPhase;
			buildActionMask = 2147483647;
			files = (
				EBE36B482F9683E000686880 /* LibXray.xcframework in Frameworks */,
				EBEAD85B2B95749600A8D27B /* NetworkExtension.framework in Frameworks */,
				EBEAD88A2B9578F000A8D27B /* libresolv.tbd in Frameworks */,
			);
			runOnlyForDeploymentPostprocessing = 0;
		};
/* End PBXFrameworksBuildPhase section */

/* Begin PBXGroup section */
		33BA886A226E78AF003329D5 /* Configs */ = {
			isa = PBXGroup;
			children = (
				33E5194F232828860026EE4D /* AppInfo.xcconfig */,
				9740EEB21CF90195004384FC /* Debug.xcconfig */,
				7AFA3C8E1D35360C0083082E /* Release.xcconfig */,
				333000ED22D3DE5D00554162 /* Warnings.xcconfig */,
			);
			path = Configs;
			sourceTree = "<group>";
		};
		33CC10E42044A3C60003C045 = {
			isa = PBXGroup;
			children = (
				EBE36B432F9683E000686880 /* All */,
				33FAB671232836740065AC1E /* Runner */,
				33CEB47122A05771004F2AC0 /* Flutter */,
				EBEAD85C2B95749600A8D27B /* tunnel */,
				33CC10EE2044A3C60003C045 /* Products */,
				D73912EC22F37F3D000D13A0 /* Frameworks */,
				49FF3F5C579C982F160498CB /* ControlExtension */,
			);
			sourceTree = "<group>";
		};
		33CC10EE2044A3C60003C045 /* Products */ = {
			isa = PBXGroup;
			children = (
				33CC10ED2044A3C60003C045 /* OneXray.app */,
				EBEAD8592B95749600A8D27B /* tunnel.appex */,
				7377CFAD5E453961838E9A7F /* ControlExtension.appex */,
			);
			name = Products;
			sourceTree = "<group>";
		};
		33CC11242044D66E0003C045 /* Resources */ = {
			isa = PBXGroup;
			children = (
				33CC10F22044A3C60003C045 /* Assets.xcassets */,
				EB9A10032FE6000000000003 /* IconBlue.icon */,
				33CC10F42044A3C60003C045 /* MainMenu.xib */,
				33CC10F72044A3C60003C045 /* Info.plist */,
			);
			name = Resources;
			path = ..;
			sourceTree = "<group>";
		};
		33CEB47122A05771004F2AC0 /* Flutter */ = {
			isa = PBXGroup;
			children = (
				78E0A7A72DC9AD7400C4905E /* FlutterGeneratedPluginSwiftPackage */,
				335BBD1A22A9A15E00E9071D /* GeneratedPluginRegistrant.swift */,
				33CEB47222A05771004F2AC0 /* Flutter-Debug.xcconfig */,
				33CEB47422A05771004F2AC0 /* Flutter-Release.xcconfig */,
				33CEB47722A0578A004F2AC0 /* Flutter-Generated.xcconfig */,
			);
			path = Flutter;
			sourceTree = "<group>";
		};
		33FAB671232836740065AC1E /* Runner */ = {
			isa = PBXGroup;
			children = (
				EB68C7242F95200E007C293A /* App */,
				EB68C72A2F95200E007C293A /* macOS */,
				33E51913231747F40026EE4D /* DebugProfile.entitlements */,
				33E51914231749380026EE4D /* Release.entitlements */,
				33CC11242044D66E0003C045 /* Resources */,
				33BA886A226E78AF003329D5 /* Configs */,
			);
			path = Runner;
			sourceTree = "<group>";
		};
		49FF3F5C579C982F160498CB /* ControlExtension */ = {
			isa = PBXGroup;
			children = (
				9955024CAD6A4F997678CB31 /* ControlExtensionBundle.swift */,
			);
			name = ControlExtension;
			path = ControlExtension;
			sourceTree = "<group>";
		};
		647D2DA7491E8269C14EF10C /* iOS */ = {
			isa = PBXGroup;
			children = (
				CA8CD5748376BF49F1B43237 /* Foundation.framework */,
			);
			name = iOS;
			sourceTree = "<group>";
		};
		D73912EC22F37F3D000D13A0 /* Frameworks */ = {
			isa = PBXGroup;
			children = (
				EBEAD8882B9578E000A8D27B /* libresolv.tbd */,
				EBEAD85A2B95749600A8D27B /* NetworkExtension.framework */,
				647D2DA7491E8269C14EF10C /* iOS */,
			);
			name = Frameworks;
			sourceTree = "<group>";
		};
		EB68C7222F95200E007C293A /* pigeon */ = {
			isa = PBXGroup;
			children = (
				EB68C71F2F95200E007C293A /* FlutterApi.swift */,
				EB68C7202F95200E007C293A /* HostApi.swift */,
				EB68C7212F95200E007C293A /* Messages.g.swift */,
			);
			path = pigeon;
			sourceTree = "<group>";
		};
		EB68C7242F95200E007C293A /* App */ = {
			isa = PBXGroup;
			children = (
				EB68C7222F95200E007C293A /* pigeon */,
				EB68C7232F95200E007C293A /* Vpn.swift */,
			);
			name = App;
			path = ../swift/App;
			sourceTree = SOURCE_ROOT;
		};
		EB68C72A2F95200E007C293A /* macOS */ = {
			isa = PBXGroup;
			children = (
				EB68C7272F95200E007C293A /* AppDelegate.swift */,
				EBD200012FE8000000000001 /* DockIcon.swift */,
				EBD100012FE7000000000001 /* LaunchAtLogin.swift */,
				EB68C7282F95200E007C293A /* MainFlutterWindow.swift */,
				EB68C7292F95200E007C293A /* SystemExtensionManager.swift */,
				710E95CF0026389033F2ADFA /* MenuBarController.swift */,
			);
			name = macOS;
			path = ../swift/macOS;
			sourceTree = SOURCE_ROOT;
		};
		EBE36B3A2F9683C900686880 /* Tunnel */ = {
			isa = PBXGroup;
			children = (
				EBE36B392F9683C900686880 /* PacketTunnelProvider.swift */,
			);
			name = Tunnel;
			path = ../swift/Tunnel;
			sourceTree = SOURCE_ROOT;
		};
		EBE36B432F9683E000686880 /* All */ = {
			isa = PBXGroup;
			children = (
				EBE36B3C2F9683E000686880 /* BridgeHeader.h */,
				EBE36B3D2F9683E000686880 /* Constants.swift */,
				EBE36B3E2F9683E000686880 /* LibXray.xcframework */,
				EBE36B3F2F9683E000686880 /* Logger.swift */,
				EBE36B402F9683E000686880 /* Model.swift */,
				EBD300012FE9000000000001 /* DatFileTransfer.swift */,
				EBE36B412F9683E000686880 /* Tools.swift */,
				EBE36B422F9683E000686880 /* WireGuardKitC.h */,
				B53FB75158B180F9B6128668 /* QuickControl.swift */,
				1ED51E0031E6B52B5739350D /* ProxyControlWidget.swift */,
			);
			name = All;
			path = ../swift/All;
			sourceTree = SOURCE_ROOT;
		};
		EBEAD85C2B95749600A8D27B /* tunnel */ = {
			isa = PBXGroup;
			children = (
				EBE36B3A2F9683C900686880 /* Tunnel */,
				EBEAD85F2B95749600A8D27B /* Info.plist */,
				EBEAD8602B95749600A8D27B /* tunnel.entitlements */,
			);
			path = tunnel;
			sourceTree = "<group>";
		};
/* End PBXGroup section */

/* Begin PBXNativeTarget section */
		33CC10EC2044A3C60003C045 /* Runner */ = {
			isa = PBXNativeTarget;
			buildConfigurationList = 33CC10FB2044A3C60003C045 /* Build configuration list for PBXNativeTarget "Runner" */;
			buildPhases = (
				33CC10E92044A3C60003C045 /* Sources */,
				33CC10EA2044A3C60003C045 /* Frameworks */,
				33CC10EB2044A3C60003C045 /* Resources */,
				33CC110E2044A8840003C045 /* Bundle Framework */,
				3399D490228B24CF009A79C7 /* ShellScript */,
				EBEAD8642B95749600A8D27B /* Embed Foundation Extensions */,
			);
			buildRules = (
			);
			dependencies = (
				33CC11202044C79F0003C045 /* PBXTargetDependency */,
				EBEAD8622B95749600A8D27B /* PBXTargetDependency */,
				8FA6F83BD749DD7C78A894A9 /* PBXTargetDependency */,
			);
			name = Runner;
			packageProductDependencies = (
				78A3181F2AECB46A00862997 /* FlutterGeneratedPluginSwiftPackage */,
			);
			productName = Runner;
			productReference = 33CC10ED2044A3C60003C045 /* OneXray.app */;
			productType = "com.apple.product-type.application";
		};
		6359F23D6C59E13CD2D08431 /* ControlExtension */ = {
			isa = PBXNativeTarget;
			buildConfigurationList = AEB09C522237E6C0E7E48825 /* Build configuration list for PBXNativeTarget "ControlExtension" */;
			buildPhases = (
				99ED2073BC367FC52AA2400E /* Sources */,
				4BFDF1E5F5E1CFC9E72CC2F8 /* Frameworks */,
				5E0179CC6643606508FCC1B3 /* Resources */,
			);
			buildRules = (
			);
			dependencies = (
			);
			name = ControlExtension;
			productName = ControlExtension;
			productReference = 7377CFAD5E453961838E9A7F /* ControlExtension.appex */;
			productType = "com.apple.product-type.app-extension";
		};
		EBEAD8582B95749600A8D27B /* tunnel */ = {
			isa = PBXNativeTarget;
			buildConfigurationList = EBEAD8682B95749600A8D27B /* Build configuration list for PBXNativeTarget "tunnel" */;
			buildPhases = (
				EBEAD8552B95749600A8D27B /* Sources */,
				EBEAD8562B95749600A8D27B /* Frameworks */,
				EBEAD8572B95749600A8D27B /* Resources */,
			);
			buildRules = (
			);
			dependencies = (
			);
			name = tunnel;
			productName = tunnel;
			productReference = EBEAD8592B95749600A8D27B /* tunnel.appex */;
			productType = "com.apple.product-type.app-extension";
		};
/* End PBXNativeTarget section */

/* Begin PBXProject section */
		33CC10E52044A3C60003C045 /* Project object */ = {
			isa = PBXProject;
			attributes = {
				BuildIndependentTargetsInParallel = YES;
				LastSwiftUpdateCheck = 1620;
				LastUpgradeCheck = 1510;
				ORGANIZATIONNAME = "";
				TargetAttributes = {
					33CC10EC2044A3C60003C045 = {
						CreatedOnToolsVersion = 9.2;
						LastSwiftMigration = 1100;
						SystemCapabilities = {
							com.apple.Sandbox = {
								enabled = 1;
							};
						};
					};
					33CC111A2044C6BA0003C045 = {
						CreatedOnToolsVersion = 9.2;
						ProvisioningStyle = Manual;
					};
					EBEAD8582B95749600A8D27B = {
						CreatedOnToolsVersion = 15.2;
					};
				};
			};
			buildConfigurationList = 33CC10E82044A3C60003C045 /* Build configuration list for PBXProject "Runner" */;
			compatibilityVersion = "Xcode 9.3";
			developmentRegion = en;
			hasScannedForEncodings = 0;
			knownRegions = (
				en,
				Base,
				"zh-Hans",
				ru,
				fa,
				"zh-Hant",
			);
			mainGroup = 33CC10E42044A3C60003C045;
			packageReferences = (
				781AD8BC2B33823900A9FFBB /* XCLocalSwiftPackageReference "FlutterGeneratedPluginSwiftPackage" */,
			);
			productRefGroup = 33CC10EE2044A3C60003C045 /* Products */;
			projectDirPath = "";
			projectRoot = "";
			targets = (
				33CC10EC2044A3C60003C045 /* Runner */,
				33CC111A2044C6BA0003C045 /* Flutter Assemble */,
				EBEAD8582B95749600A8D27B /* tunnel */,
				6359F23D6C59E13CD2D08431 /* ControlExtension */,
			);
		};
/* End PBXProject section */

/* Begin PBXResourcesBuildPhase section */
		33CC10EB2044A3C60003C045 /* Resources */ = {
			isa = PBXResourcesBuildPhase;
			buildActionMask = 2147483647;
			files = (
				33CC10F32044A3C60003C045 /* Assets.xcassets in Resources */,
				EB9A10042FE6000000000004 /* IconBlue.icon in Resources */,
				33CC10F62044A3C60003C045 /* MainMenu.xib in Resources */,
			);
			runOnlyForDeploymentPostprocessing = 0;
		};
		5E0179CC6643606508FCC1B3 /* Resources */ = {
			isa = PBXResourcesBuildPhase;
			buildActionMask = 2147483647;
			files = (
			);
			runOnlyForDeploymentPostprocessing = 0;
		};
		EBEAD8572B95749600A8D27B /* Resources */ = {
			isa = PBXResourcesBuildPhase;
			buildActionMask = 2147483647;
			files = (
			);
			runOnlyForDeploymentPostprocessing = 0;
		};
/* End PBXResourcesBuildPhase section */

/* Begin PBXShellScriptBuildPhase section */
		3399D490228B24CF009A79C7 /* ShellScript */ = {
			isa = PBXShellScriptBuildPhase;
			alwaysOutOfDate = 1;
			buildActionMask = 2147483647;
			files = (
			);
			inputFileListPaths = (
			);
			inputPaths = (
			);
			outputFileListPaths = (
			);
			outputPaths = (
			);
			runOnlyForDeploymentPostprocessing = 0;
			shellPath = /bin/sh;
			shellScript = "echo \"$PRODUCT_NAME.app\" > \"$PROJECT_DIR\"/Flutter/ephemeral/.app_filename && \"$FLUTTER_ROOT\"/packages/flutter_tools/bin/macos_assemble.sh embed\n";
		};
		33CC111E2044C6BF0003C045 /* ShellScript */ = {
			isa = PBXShellScriptBuildPhase;
			buildActionMask = 2147483647;
			files = (
			);
			inputFileListPaths = (
				Flutter/ephemeral/FlutterInputs.xcfilelist,
			);
			inputPaths = (
				Flutter/ephemeral/tripwire,
			);
			outputFileListPaths = (
				Flutter/ephemeral/FlutterOutputs.xcfilelist,
			);
			outputPaths = (
			);
			runOnlyForDeploymentPostprocessing = 0;
			shellPath = /bin/sh;
			shellScript = "\"$FLUTTER_ROOT\"/packages/flutter_tools/bin/macos_assemble.sh && touch Flutter/ephemeral/tripwire\n";
		};
/* End PBXShellScriptBuildPhase section */

/* Begin PBXSourcesBuildPhase section */
		33CC10E92044A3C60003C045 /* Sources */ = {
			isa = PBXSourcesBuildPhase;
			buildActionMask = 2147483647;
			files = (
				EB68C72D2F95200E007C293A /* Messages.g.swift in Sources */,
				EBE36B4A2F9683E000686880 /* Logger.swift in Sources */,
				EBE36B4B2F9683E000686880 /* Constants.swift in Sources */,
				EBE36B4C2F9683E000686880 /* Model.swift in Sources */,
				EBD300032FE9000000000003 /* DatFileTransfer.swift in Sources */,
				EBE36B4D2F9683E000686880 /* Tools.swift in Sources */,
				EB68C72E2F95200E007C293A /* AppDelegate.swift in Sources */,
				EB68C72F2F95200E007C293A /* MainFlutterWindow.swift in Sources */,
				EB68C7302F95200E007C293A /* FlutterApi.swift in Sources */,
				EB68C7312F95200E007C293A /* SystemExtensionManager.swift in Sources */,
				EB68C7322F95200E007C293A /* Vpn.swift in Sources */,
				EB68C7332F95200E007C293A /* HostApi.swift in Sources */,
				EBD200022FE8000000000002 /* DockIcon.swift in Sources */,
				EBD100022FE7000000000002 /* LaunchAtLogin.swift in Sources */,
				335BBD1B22A9A15E00E9071D /* GeneratedPluginRegistrant.swift in Sources */,
				ABF78CEDB0AD4A28895B7249 /* MenuBarController.swift in Sources */,
				BC938E74282B844530471508 /* QuickControl.swift in Sources */,
			);
			runOnlyForDeploymentPostprocessing = 0;
		};
		99ED2073BC367FC52AA2400E /* Sources */ = {
			isa = PBXSourcesBuildPhase;
			buildActionMask = 2147483647;
			files = (
				3D61E60E16315CC01AB5E814 /* ControlExtensionBundle.swift in Sources */,
				C611011959241D010BC0DF82 /* Logger.swift in Sources */,
				9949B823A89E835E9FEE31E7 /* Constants.swift in Sources */,
				176C43875B8347F633CB4377 /* Model.swift in Sources */,
				B98B8EA57DD711F156A330A3 /* Tools.swift in Sources */,
				AA3FC17BF9229948CB929B0C /* QuickControl.swift in Sources */,
				4FF771CD650CDF5805FDE8A5 /* ProxyControlWidget.swift in Sources */,
			);
			runOnlyForDeploymentPostprocessing = 0;
		};
		EBEAD8552B95749600A8D27B /* Sources */ = {
			isa = PBXSourcesBuildPhase;
			buildActionMask = 2147483647;
			files = (
				EBE36B442F9683E000686880 /* Logger.swift in Sources */,
				EBE36B452F9683E000686880 /* Constants.swift in Sources */,
				EBE36B462F9683E000686880 /* Model.swift in Sources */,
				EBD300022FE9000000000002 /* DatFileTransfer.swift in Sources */,
				EBE36B472F9683E000686880 /* Tools.swift in Sources */,
				EBE36B3B2F9683C900686880 /* PacketTunnelProvider.swift in Sources */,
			);
			runOnlyForDeploymentPostprocessing = 0;
		};
/* End PBXSourcesBuildPhase section */

/* Begin PBXTargetDependency section */
		33CC11202044C79F0003C045 /* PBXTargetDependency */ = {
			isa = PBXTargetDependency;
			target = 33CC111A2044C6BA0003C045 /* Flutter Assemble */;
			targetProxy = 33CC111F2044C79F0003C045 /* PBXContainerItemProxy */;
		};
		8FA6F83BD749DD7C78A894A9 /* PBXTargetDependency */ = {
			isa = PBXTargetDependency;
			name = ControlExtension;
			target = 6359F23D6C59E13CD2D08431 /* ControlExtension */;
			targetProxy = A434C9BCEB194F1C319EE60E /* PBXContainerItemProxy */;
		};
		EBEAD8622B95749600A8D27B /* PBXTargetDependency */ = {
			isa = PBXTargetDependency;
			target = EBEAD8582B95749600A8D27B /* tunnel */;
			targetProxy = EBEAD8612B95749600A8D27B /* PBXContainerItemProxy */;
		};
/* End PBXTargetDependency section */

/* Begin PBXVariantGroup section */
		33CC10F42044A3C60003C045 /* MainMenu.xib */ = {
			isa = PBXVariantGroup;
			children = (
				33CC10F52044A3C60003C045 /* Base */,
				EB9154212D8EBE7600BFED8B /* zh-Hans */,
				EB210DFC2DE868BA00D76E7A /* ru */,
				EB390D832EC84B6500B741BA /* fa */,
				EB957B002FE43D8A00DCB90D /* zh-Hant */,
			);
			name = MainMenu.xib;
			path = ../swift/macOS;
			sourceTree = SOURCE_ROOT;
		};
/* End PBXVariantGroup section */

/* Begin XCBuildConfiguration section */
		3385DDE944D1186A3A7CA3CD /* Release */ = {
			isa = XCBuildConfiguration;
			baseConfigurationReference = 33E5194F232828860026EE4D /* AppInfo.xcconfig */;
			buildSettings = {
				APPLICATION_EXTENSION_API_ONLY = YES;
				CLANG_ENABLE_OBJC_WEAK = NO;
				CODE_SIGN_ENTITLEMENTS = ControlExtension/ControlExtension.entitlements;
				CODE_SIGN_IDENTITY = "Apple Development";
				CODE_SIGN_STYLE = Automatic;
				CURRENT_PROJECT_VERSION = "$(FLUTTER_BUILD_NUMBER)";
				DEVELOPMENT_TEAM = LMSU2CNFA5;
				GENERATE_INFOPLIST_FILE = NO;
				INFOPLIST_FILE = ControlExtension/Info.plist;
				LD_RUNPATH_SEARCH_PATHS = (
					"$(inherited)",
					"@executable_path/Frameworks",
					"@executable_path/../../Frameworks",
				);
				MACOSX_DEPLOYMENT_TARGET = 26.0;
				MARKETING_VERSION = "$(FLUTTER_BUILD_NAME)";
				PRODUCT_BUNDLE_IDENTIFIER = ink.xcl.onexray.control;
				PRODUCT_NAME = "$(TARGET_NAME)";
				PROVISIONING_PROFILE_SPECIFIER = "";
				SKIP_INSTALL = YES;
				SWIFT_VERSION = 6.0;
				VALIDATE_PRODUCT = YES;
			};
			name = Release;
		};
		338D0CE9231458BD00FA5F75 /* Profile */ = {
			isa = XCBuildConfiguration;
			baseConfigurationReference = 7AFA3C8E1D35360C0083082E /* Release.xcconfig */;
			buildSettings = {
				ALWAYS_SEARCH_USER_PATHS = NO;
				ASSETCATALOG_COMPILER_GENERATE_SWIFT_ASSET_SYMBOL_EXTENSIONS = YES;
				CLANG_ANALYZER_LOCALIZABILITY_NONLOCALIZED = YES;
				CLANG_ANALYZER_NONNULL = YES;
				CLANG_ANALYZER_NUMBER_OBJECT_CONVERSION = YES_AGGRESSIVE;
				CLANG_CXX_LANGUAGE_STANDARD = "gnu++14";
				CLANG_CXX_LIBRARY = "libc++";
				CLANG_ENABLE_MODULES = YES;
				CLANG_ENABLE_OBJC_ARC = YES;
				CLANG_WARN_BLOCK_CAPTURE_AUTORELEASING = YES;
				CLANG_WARN_BOOL_CONVERSION = YES;
				CLANG_WARN_CONSTANT_CONVERSION = YES;
				CLANG_WARN_DEPRECATED_OBJC_IMPLEMENTATIONS = YES;
				CLANG_WARN_DIRECT_OBJC_ISA_USAGE = YES_ERROR;
				CLANG_WARN_DOCUMENTATION_COMMENTS = YES;
				CLANG_WARN_EMPTY_BODY = YES;
				CLANG_WARN_ENUM_CONVERSION = YES;
				CLANG_WARN_INFINITE_RECURSION = YES;
				CLANG_WARN_INT_CONVERSION = YES;
				CLANG_WARN_NON_LITERAL_NULL_CONVERSION = YES;
				CLANG_WARN_OBJC_LITERAL_CONVERSION = YES;
				CLANG_WARN_OBJC_ROOT_CLASS = YES_ERROR;
				CLANG_WARN_QUOTED_INCLUDE_IN_FRAMEWORK_HEADER = YES;
				CLANG_WARN_RANGE_LOOP_ANALYSIS = YES;
				CLANG_WARN_SUSPICIOUS_MOVE = YES;
				CODE_SIGN_IDENTITY = "-";
				COPY_PHASE_STRIP = NO;
				DEAD_CODE_STRIPPING = YES;
				DEBUG_INFORMATION_FORMAT = "dwarf-with-dsym";
				ENABLE_NS_ASSERTIONS = NO;
				ENABLE_STRICT_OBJC_MSGSEND = YES;
				ENABLE_USER_SCRIPT_SANDBOXING = NO;
				GCC_C_LANGUAGE_STANDARD = gnu11;
				GCC_NO_COMMON_BLOCKS = YES;
				GCC_WARN_64_TO_32_BIT_CONVERSION = YES;
				GCC_WARN_ABOUT_RETURN_TYPE = YES_ERROR;
				GCC_WARN_UNINITIALIZED_AUTOS = YES_AGGRESSIVE;
				GCC_WARN_UNUSED_FUNCTION = YES;
				GCC_WARN_UNUSED_VARIABLE = YES;
				MACOSX_DEPLOYMENT_TARGET = 13.0;
				MTL_ENABLE_DEBUG_INFO = NO;
				SDKROOT = macosx;
				STRING_CATALOG_GENERATE_SYMBOLS = YES;
				SWIFT_COMPILATION_MODE = wholemodule;
				SWIFT_OPTIMIZATION_LEVEL = "-O";
				SWIFT_VERSION = 6.0;
			};
			name = Profile;
		};
		338D0CEA231458BD00FA5F75 /* Profile */ = {
			isa = XCBuildConfiguration;
			baseConfigurationReference = 33E5194F232828860026EE4D /* AppInfo.xcconfig */;
			buildSettings = {
				ASSETCATALOG_COMPILER_APPICON_NAME = IconBlue;
				CLANG_ENABLE_MODULES = YES;
				CODE_SIGN_ENTITLEMENTS = Runner/DebugProfile.entitlements;
				CODE_SIGN_IDENTITY = "Apple Development";
				CODE_SIGN_STYLE = Automatic;
				COMBINE_HIDPI_IMAGES = YES;
				DEVELOPMENT_TEAM = LMSU2CNFA5;
				ENABLE_HARDENED_RUNTIME = YES;
				INFOPLIST_FILE = Runner/Info.plist;
				INFOPLIST_KEY_CFBundleDisplayName = OneXray;
				INFOPLIST_KEY_LSApplicationCategoryType = "public.app-category.utilities";
				LD_RUNPATH_SEARCH_PATHS = (
					"$(inherited)",
					"@executable_path/../Frameworks",
				);
				MACOSX_DEPLOYMENT_TARGET = 13.0;
				PRODUCT_BUNDLE_IDENTIFIER = ink.xcl.onexray;
				PROVISIONING_PROFILE_SPECIFIER = "";
				REGISTER_APP_GROUPS = YES;
				SWIFT_OBJC_BRIDGING_HEADER = "$(SRCROOT)/../swift/All/BridgeHeader.h";
				SWIFT_VERSION = 6.0;
			};
			name = Profile;
		};
		338D0CEB231458BD00FA5F75 /* Profile */ = {
			isa = XCBuildConfiguration;
			buildSettings = {
				CODE_SIGN_STYLE = Manual;
				PRODUCT_NAME = "$(TARGET_NAME)";
			};
			name = Profile;
		};
		33CC10F92044A3C60003C045 /* Debug */ = {
			isa = XCBuildConfiguration;
			baseConfigurationReference = 9740EEB21CF90195004384FC /* Debug.xcconfig */;
			buildSettings = {
				ALWAYS_SEARCH_USER_PATHS = NO;
				ASSETCATALOG_COMPILER_GENERATE_SWIFT_ASSET_SYMBOL_EXTENSIONS = YES;
				CLANG_ANALYZER_LOCALIZABILITY_NONLOCALIZED = YES;
				CLANG_ANALYZER_NONNULL = YES;
				CLANG_ANALYZER_NUMBER_OBJECT_CONVERSION = YES_AGGRESSIVE;
				CLANG_CXX_LANGUAGE_STANDARD = "gnu++14";
				CLANG_CXX_LIBRARY = "libc++";
				CLANG_ENABLE_MODULES = YES;
				CLANG_ENABLE_OBJC_ARC = YES;
				CLANG_WARN_BLOCK_CAPTURE_AUTORELEASING = YES;
				CLANG_WARN_BOOL_CONVERSION = YES;
				CLANG_WARN_CONSTANT_CONVERSION = YES;
				CLANG_WARN_DEPRECATED_OBJC_IMPLEMENTATIONS = YES;
				CLANG_WARN_DIRECT_OBJC_ISA_USAGE = YES_ERROR;
				CLANG_WARN_DOCUMENTATION_COMMENTS = YES;
				CLANG_WARN_EMPTY_BODY = YES;
				CLANG_WARN_ENUM_CONVERSION = YES;
				CLANG_WARN_INFINITE_RECURSION = YES;
				CLANG_WARN_INT_CONVERSION = YES;
				CLANG_WARN_NON_LITERAL_NULL_CONVERSION = YES;
				CLANG_WARN_OBJC_LITERAL_CONVERSION = YES;
				CLANG_WARN_OBJC_ROOT_CLASS = YES_ERROR;
				CLANG_WARN_QUOTED_INCLUDE_IN_FRAMEWORK_HEADER = YES;
				CLANG_WARN_RANGE_LOOP_ANALYSIS = YES;
				CLANG_WARN_SUSPICIOUS_MOVE = YES;
				CODE_SIGN_IDENTITY = "-";
				COPY_PHASE_STRIP = NO;
				DEAD_CODE_STRIPPING = YES;
				DEBUG_INFORMATION_FORMAT = dwarf;
				ENABLE_STRICT_OBJC_MSGSEND = YES;
				ENABLE_TESTABILITY = YES;
				ENABLE_USER_SCRIPT_SANDBOXING = NO;
				GCC_C_LANGUAGE_STANDARD = gnu11;
				GCC_DYNAMIC_NO_PIC = NO;
				GCC_NO_COMMON_BLOCKS = YES;
				GCC_OPTIMIZATION_LEVEL = 0;
				GCC_PREPROCESSOR_DEFINITIONS = (
					"DEBUG=1",
					"$(inherited)",
				);
				GCC_WARN_64_TO_32_BIT_CONVERSION = YES;
				GCC_WARN_ABOUT_RETURN_TYPE = YES_ERROR;
				GCC_WARN_UNINITIALIZED_AUTOS = YES_AGGRESSIVE;
				GCC_WARN_UNUSED_FUNCTION = YES;
				GCC_WARN_UNUSED_VARIABLE = YES;
				MACOSX_DEPLOYMENT_TARGET = 13.0;
				MTL_ENABLE_DEBUG_INFO = YES;
				ONLY_ACTIVE_ARCH = YES;
				SDKROOT = macosx;
				STRING_CATALOG_GENERATE_SYMBOLS = YES;
				SWIFT_ACTIVE_COMPILATION_CONDITIONS = DEBUG;
				SWIFT_OPTIMIZATION_LEVEL = "-Onone";
				SWIFT_VERSION = 6.0;
			};
			name = Debug;
		};
		33CC10FA2044A3C60003C045 /* Release */ = {
			isa = XCBuildConfiguration;
			baseConfigurationReference = 7AFA3C8E1D35360C0083082E /* Release.xcconfig */;
			buildSettings = {
				ALWAYS_SEARCH_USER_PATHS = NO;
				ASSETCATALOG_COMPILER_GENERATE_SWIFT_ASSET_SYMBOL_EXTENSIONS = YES;
				CLANG_ANALYZER_LOCALIZABILITY_NONLOCALIZED = YES;
				CLANG_ANALYZER_NONNULL = YES;
				CLANG_ANALYZER_NUMBER_OBJECT_CONVERSION = YES_AGGRESSIVE;
				CLANG_CXX_LANGUAGE_STANDARD = "gnu++14";
				CLANG_CXX_LIBRARY = "libc++";
				CLANG_ENABLE_MODULES = YES;
				CLANG_ENABLE_OBJC_ARC = YES;
				CLANG_WARN_BLOCK_CAPTURE_AUTORELEASING = YES;
				CLANG_WARN_BOOL_CONVERSION = YES;
				CLANG_WARN_CONSTANT_CONVERSION = YES;
				CLANG_WARN_DEPRECATED_OBJC_IMPLEMENTATIONS = YES;
				CLANG_WARN_DIRECT_OBJC_ISA_USAGE = YES_ERROR;
				CLANG_WARN_DOCUMENTATION_COMMENTS = YES;
				CLANG_WARN_EMPTY_BODY = YES;
				CLANG_WARN_ENUM_CONVERSION = YES;
				CLANG_WARN_INFINITE_RECURSION = YES;
				CLANG_WARN_INT_CONVERSION = YES;
				CLANG_WARN_NON_LITERAL_NULL_CONVERSION = YES;
				CLANG_WARN_OBJC_LITERAL_CONVERSION = YES;
				CLANG_WARN_OBJC_ROOT_CLASS = YES_ERROR;
				CLANG_WARN_QUOTED_INCLUDE_IN_FRAMEWORK_HEADER = YES;
				CLANG_WARN_RANGE_LOOP_ANALYSIS = YES;
				CLANG_WARN_SUSPICIOUS_MOVE = YES;
				CODE_SIGN_IDENTITY = "-";
				COPY_PHASE_STRIP = NO;
				DEAD_CODE_STRIPPING = YES;
				DEBUG_INFORMATION_FORMAT = "dwarf-with-dsym";
				ENABLE_NS_ASSERTIONS = NO;
				ENABLE_STRICT_OBJC_MSGSEND = YES;
				ENABLE_USER_SCRIPT_SANDBOXING = NO;
				GCC_C_LANGUAGE_STANDARD = gnu11;
				GCC_NO_COMMON_BLOCKS = YES;
				GCC_WARN_64_TO_32_BIT_CONVERSION = YES;
				GCC_WARN_ABOUT_RETURN_TYPE = YES_ERROR;
				GCC_WARN_UNINITIALIZED_AUTOS = YES_AGGRESSIVE;
				GCC_WARN_UNUSED_FUNCTION = YES;
				GCC_WARN_UNUSED_VARIABLE = YES;
				MACOSX_DEPLOYMENT_TARGET = 13.0;
				MTL_ENABLE_DEBUG_INFO = NO;
				SDKROOT = macosx;
				STRING_CATALOG_GENERATE_SYMBOLS = YES;
				SWIFT_COMPILATION_MODE = wholemodule;
				SWIFT_OPTIMIZATION_LEVEL = "-O";
				SWIFT_VERSION = 6.0;
			};
			name = Release;
		};
		33CC10FC2044A3C60003C045 /* Debug */ = {
			isa = XCBuildConfiguration;
			baseConfigurationReference = 33E5194F232828860026EE4D /* AppInfo.xcconfig */;
			buildSettings = {
				ASSETCATALOG_COMPILER_APPICON_NAME = IconBlue;
				CLANG_ENABLE_MODULES = YES;
				CODE_SIGN_ENTITLEMENTS = Runner/DebugProfile.entitlements;
				CODE_SIGN_IDENTITY = "Apple Development";
				CODE_SIGN_STYLE = Automatic;
				COMBINE_HIDPI_IMAGES = YES;
				DEBUG_INFORMATION_FORMAT = "dwarf-with-dsym";
				DEVELOPMENT_TEAM = LMSU2CNFA5;
				ENABLE_HARDENED_RUNTIME = YES;
				INFOPLIST_FILE = Runner/Info.plist;
				INFOPLIST_KEY_CFBundleDisplayName = OneXray;
				INFOPLIST_KEY_LSApplicationCategoryType = "public.app-category.utilities";
				LD_RUNPATH_SEARCH_PATHS = (
					"$(inherited)",
					"@executable_path/../Frameworks",
				);
				MACOSX_DEPLOYMENT_TARGET = 13.0;
				PRODUCT_BUNDLE_IDENTIFIER = ink.xcl.onexray;
				PROVISIONING_PROFILE_SPECIFIER = "";
				REGISTER_APP_GROUPS = YES;
				SWIFT_OBJC_BRIDGING_HEADER = "$(SRCROOT)/../swift/All/BridgeHeader.h";
				SWIFT_OPTIMIZATION_LEVEL = "-Onone";
				SWIFT_VERSION = 6.0;
			};
			name = Debug;
		};
		33CC10FD2044A3C60003C045 /* Release */ = {
			isa = XCBuildConfiguration;
			baseConfigurationReference = 33E5194F232828860026EE4D /* AppInfo.xcconfig */;
			buildSettings = {
				ASSETCATALOG_COMPILER_APPICON_NAME = IconBlue;
				CLANG_ENABLE_MODULES = YES;
				CODE_SIGN_ENTITLEMENTS = Runner/Release.entitlements;
				CODE_SIGN_IDENTITY = "Apple Development";
				CODE_SIGN_STYLE = Automatic;
				COMBINE_HIDPI_IMAGES = YES;
				DEVELOPMENT_TEAM = LMSU2CNFA5;
				INFOPLIST_FILE = Runner/Info.plist;
				INFOPLIST_KEY_CFBundleDisplayName = OneXray;
				INFOPLIST_KEY_LSApplicationCategoryType = "public.app-category.utilities";
				LD_RUNPATH_SEARCH_PATHS = (
					"$(inherited)",
					"@executable_path/../Frameworks",
				);
				MACOSX_DEPLOYMENT_TARGET = 13.0;
				PRODUCT_BUNDLE_IDENTIFIER = ink.xcl.onexray;
				PROVISIONING_PROFILE_SPECIFIER = "";
				REGISTER_APP_GROUPS = YES;
				SWIFT_OBJC_BRIDGING_HEADER = "$(SRCROOT)/../swift/All/BridgeHeader.h";
				SWIFT_VERSION = 6.0;
			};
			name = Release;
		};
		33CC111C2044C6BA0003C045 /* Debug */ = {
			isa = XCBuildConfiguration;
			buildSettings = {
				CODE_SIGN_STYLE = Manual;
				PRODUCT_NAME = "$(TARGET_NAME)";
			};
			name = Debug;
		};
		33CC111D2044C6BA0003C045 /* Release */ = {
			isa = XCBuildConfiguration;
			buildSettings = {
				CODE_SIGN_STYLE = Automatic;
				PRODUCT_NAME = "$(TARGET_NAME)";
			};
			name = Release;
		};
		C7FD4F57EB7AD6930E8658CE /* Debug */ = {
			isa = XCBuildConfiguration;
			baseConfigurationReference = 33E5194F232828860026EE4D /* AppInfo.xcconfig */;
			buildSettings = {
				APPLICATION_EXTENSION_API_ONLY = YES;
				CLANG_ENABLE_OBJC_WEAK = NO;
				CODE_SIGN_ENTITLEMENTS = ControlExtension/ControlExtension.entitlements;
				CODE_SIGN_IDENTITY = "Apple Development";
				CODE_SIGN_STYLE = Automatic;
				CURRENT_PROJECT_VERSION = "$(FLUTTER_BUILD_NUMBER)";
				DEVELOPMENT_TEAM = LMSU2CNFA5;
				GENERATE_INFOPLIST_FILE = NO;
				INFOPLIST_FILE = ControlExtension/Info.plist;
				LD_RUNPATH_SEARCH_PATHS = (
					"$(inherited)",
					"@executable_path/Frameworks",
					"@executable_path/../../Frameworks",
				);
				MACOSX_DEPLOYMENT_TARGET = 26.0;
				MARKETING_VERSION = "$(FLUTTER_BUILD_NAME)";
				PRODUCT_BUNDLE_IDENTIFIER = ink.xcl.onexray.control;
				PRODUCT_NAME = "$(TARGET_NAME)";
				PROVISIONING_PROFILE_SPECIFIER = "";
				SKIP_INSTALL = YES;
				SWIFT_VERSION = 6.0;
			};
			name = Debug;
		};
		DE12EAC5602BBF311757C3D1 /* Profile */ = {
			isa = XCBuildConfiguration;
			baseConfigurationReference = 33E5194F232828860026EE4D /* AppInfo.xcconfig */;
			buildSettings = {
				APPLICATION_EXTENSION_API_ONLY = YES;
				CLANG_ENABLE_OBJC_WEAK = NO;
				CODE_SIGN_ENTITLEMENTS = ControlExtension/ControlExtension.entitlements;
				CODE_SIGN_IDENTITY = "Apple Development";
				CODE_SIGN_STYLE = Automatic;
				CURRENT_PROJECT_VERSION = "$(FLUTTER_BUILD_NUMBER)";
				DEVELOPMENT_TEAM = LMSU2CNFA5;
				GENERATE_INFOPLIST_FILE = NO;
				INFOPLIST_FILE = ControlExtension/Info.plist;
				LD_RUNPATH_SEARCH_PATHS = (
					"$(inherited)",
					"@executable_path/Frameworks",
					"@executable_path/../../Frameworks",
				);
				MACOSX_DEPLOYMENT_TARGET = 26.0;
				MARKETING_VERSION = "$(FLUTTER_BUILD_NAME)";
				PRODUCT_BUNDLE_IDENTIFIER = ink.xcl.onexray.control;
				PRODUCT_NAME = "$(TARGET_NAME)";
				PROVISIONING_PROFILE_SPECIFIER = "";
				SKIP_INSTALL = YES;
				SWIFT_VERSION = 6.0;
				VALIDATE_PRODUCT = YES;
			};
			name = Profile;
		};
		EBEAD8652B95749600A8D27B /* Debug */ = {
			isa = XCBuildConfiguration;
			buildSettings = {
				CLANG_CXX_LANGUAGE_STANDARD = "gnu++20";
				CLANG_ENABLE_OBJC_WEAK = YES;
				CLANG_WARN_COMMA = YES;
				CLANG_WARN_OBJC_IMPLICIT_RETAIN_SELF = YES;
				CLANG_WARN_STRICT_PROTOTYPES = YES;
				CLANG_WARN_UNGUARDED_AVAILABILITY = YES_AGGRESSIVE;
				CLANG_WARN_UNREACHABLE_CODE = YES;
				CLANG_WARN__DUPLICATE_METHOD_MATCH = YES;
				CODE_SIGN_ENTITLEMENTS = tunnel/tunnel.entitlements;
				CODE_SIGN_IDENTITY = "Apple Development";
				CODE_SIGN_STYLE = Automatic;
				CURRENT_PROJECT_VERSION = 0;
				DEVELOPMENT_TEAM = LMSU2CNFA5;
				ENABLE_HARDENED_RUNTIME = YES;
				ENABLE_USER_SCRIPT_SANDBOXING = YES;
				GCC_C_LANGUAGE_STANDARD = gnu17;
				GCC_WARN_UNDECLARED_SELECTOR = YES;
				GENERATE_INFOPLIST_FILE = YES;
				INFOPLIST_FILE = tunnel/Info.plist;
				INFOPLIST_KEY_CFBundleDisplayName = tunnel;
				INFOPLIST_KEY_NSHumanReadableCopyright = "";
				LD_RUNPATH_SEARCH_PATHS = (
					"$(inherited)",
					"@executable_path/../Frameworks",
					"@executable_path/../../../../Frameworks",
				);
				LOCALIZATION_PREFERS_STRING_CATALOGS = YES;
				MACOSX_DEPLOYMENT_TARGET = 13.0;
				MARKETING_VERSION = 26.10.2;
				MTL_ENABLE_DEBUG_INFO = INCLUDE_SOURCE;
				MTL_FAST_MATH = YES;
				OTHER_LDFLAGS = "";
				OTHER_MODULE_VERIFIER_FLAGS = "";
				PRODUCT_BUNDLE_IDENTIFIER = ink.xcl.onexray.tun;
				PRODUCT_NAME = "$(TARGET_NAME)";
				PROVISIONING_PROFILE_SPECIFIER = "";
				REGISTER_APP_GROUPS = YES;
				SKIP_INSTALL = YES;
				SWIFT_ACTIVE_COMPILATION_CONDITIONS = "DEBUG $(inherited)";
				SWIFT_EMIT_LOC_STRINGS = YES;
				SWIFT_OBJC_BRIDGING_HEADER = "$(SRCROOT)/../swift/All/BridgeHeader.h";
				SWIFT_VERSION = 6.0;
			};
			name = Debug;
		};
		EBEAD8662B95749600A8D27B /* Release */ = {
			isa = XCBuildConfiguration;
			buildSettings = {
				CLANG_CXX_LANGUAGE_STANDARD = "gnu++20";
				CLANG_ENABLE_OBJC_WEAK = YES;
				CLANG_WARN_COMMA = YES;
				CLANG_WARN_OBJC_IMPLICIT_RETAIN_SELF = YES;
				CLANG_WARN_STRICT_PROTOTYPES = YES;
				CLANG_WARN_UNGUARDED_AVAILABILITY = YES_AGGRESSIVE;
				CLANG_WARN_UNREACHABLE_CODE = YES;
				CLANG_WARN__DUPLICATE_METHOD_MATCH = YES;
				CODE_SIGN_ENTITLEMENTS = tunnel/tunnel.entitlements;
				CODE_SIGN_IDENTITY = "Apple Development";
				CODE_SIGN_STYLE = Automatic;
				CURRENT_PROJECT_VERSION = 0;
				DEVELOPMENT_TEAM = LMSU2CNFA5;
				ENABLE_HARDENED_RUNTIME = YES;
				ENABLE_USER_SCRIPT_SANDBOXING = YES;
				GCC_C_LANGUAGE_STANDARD = gnu17;
				GCC_WARN_UNDECLARED_SELECTOR = YES;
				GENERATE_INFOPLIST_FILE = YES;
				INFOPLIST_FILE = tunnel/Info.plist;
				INFOPLIST_KEY_CFBundleDisplayName = tunnel;
				INFOPLIST_KEY_NSHumanReadableCopyright = "";
				LD_RUNPATH_SEARCH_PATHS = (
					"$(inherited)",
					"@executable_path/../Frameworks",
					"@executable_path/../../../../Frameworks",
				);
				LOCALIZATION_PREFERS_STRING_CATALOGS = YES;
				MACOSX_DEPLOYMENT_TARGET = 13.0;
				MARKETING_VERSION = 26.10.2;
				MTL_FAST_MATH = YES;
				OTHER_LDFLAGS = "";
				OTHER_MODULE_VERIFIER_FLAGS = "";
				PRODUCT_BUNDLE_IDENTIFIER = ink.xcl.onexray.tun;
				PRODUCT_NAME = "$(TARGET_NAME)";
				PROVISIONING_PROFILE_SPECIFIER = "";
				REGISTER_APP_GROUPS = YES;
				SKIP_INSTALL = YES;
				SWIFT_EMIT_LOC_STRINGS = YES;
				SWIFT_OBJC_BRIDGING_HEADER = "$(SRCROOT)/../swift/All/BridgeHeader.h";
				SWIFT_VERSION = 6.0;
			};
			name = Release;
		};
		EBEAD8672B95749600A8D27B /* Profile */ = {
			isa = XCBuildConfiguration;
			buildSettings = {
				CLANG_CXX_LANGUAGE_STANDARD = "gnu++20";
				CLANG_ENABLE_OBJC_WEAK = YES;
				CLANG_WARN_COMMA = YES;
				CLANG_WARN_OBJC_IMPLICIT_RETAIN_SELF = YES;
				CLANG_WARN_STRICT_PROTOTYPES = YES;
				CLANG_WARN_UNGUARDED_AVAILABILITY = YES_AGGRESSIVE;
				CLANG_WARN_UNREACHABLE_CODE = YES;
				CLANG_WARN__DUPLICATE_METHOD_MATCH = YES;
				CODE_SIGN_ENTITLEMENTS = tunnel/tunnel.entitlements;
				CODE_SIGN_IDENTITY = "Apple Development";
				CODE_SIGN_STYLE = Automatic;
				CURRENT_PROJECT_VERSION = 0;
				DEVELOPMENT_TEAM = LMSU2CNFA5;
				ENABLE_HARDENED_RUNTIME = YES;
				ENABLE_USER_SCRIPT_SANDBOXING = YES;
				GCC_C_LANGUAGE_STANDARD = gnu17;
				GCC_WARN_UNDECLARED_SELECTOR = YES;
				GENERATE_INFOPLIST_FILE = YES;
				INFOPLIST_FILE = tunnel/Info.plist;
				INFOPLIST_KEY_CFBundleDisplayName = tunnel;
				INFOPLIST_KEY_NSHumanReadableCopyright = "";
				LD_RUNPATH_SEARCH_PATHS = (
					"$(inherited)",
					"@executable_path/../Frameworks",
					"@executable_path/../../../../Frameworks",
				);
				LOCALIZATION_PREFERS_STRING_CATALOGS = YES;
				MACOSX_DEPLOYMENT_TARGET = 13.0;
				MARKETING_VERSION = 26.10.2;
				MTL_FAST_MATH = YES;
				OTHER_LDFLAGS = "";
				OTHER_MODULE_VERIFIER_FLAGS = "";
				PRODUCT_BUNDLE_IDENTIFIER = ink.xcl.onexray.tun;
				PRODUCT_NAME = "$(TARGET_NAME)";
				PROVISIONING_PROFILE_SPECIFIER = "";
				REGISTER_APP_GROUPS = YES;
				SKIP_INSTALL = YES;
				SWIFT_EMIT_LOC_STRINGS = YES;
				SWIFT_OBJC_BRIDGING_HEADER = "$(SRCROOT)/../swift/All/BridgeHeader.h";
				SWIFT_VERSION = 6.0;
			};
			name = Profile;
		};
/* End XCBuildConfiguration section */

/* Begin XCConfigurationList section */
		33CC10E82044A3C60003C045 /* Build configuration list for PBXProject "Runner" */ = {
			isa = XCConfigurationList;
			buildConfigurations = (
				33CC10F92044A3C60003C045 /* Debug */,
				33CC10FA2044A3C60003C045 /* Release */,
				338D0CE9231458BD00FA5F75 /* Profile */,
			);
			defaultConfigurationIsVisible = 0;
			defaultConfigurationName = Release;
		};
		33CC10FB2044A3C60003C045 /* Build configuration list for PBXNativeTarget "Runner" */ = {
			isa = XCConfigurationList;
			buildConfigurations = (
				33CC10FC2044A3C60003C045 /* Debug */,
				33CC10FD2044A3C60003C045 /* Release */,
				338D0CEA231458BD00FA5F75 /* Profile */,
			);
			defaultConfigurationIsVisible = 0;
			defaultConfigurationName = Release;
		};
		33CC111B2044C6BA0003C045 /* Build configuration list for PBXAggregateTarget "Flutter Assemble" */ = {
			isa = XCConfigurationList;
			buildConfigurations = (
				33CC111C2044C6BA0003C045 /* Debug */,
				33CC111D2044C6BA0003C045 /* Release */,
				338D0CEB231458BD00FA5F75 /* Profile */,
			);
			defaultConfigurationIsVisible = 0;
			defaultConfigurationName = Release;
		};
		AEB09C522237E6C0E7E48825 /* Build configuration list for PBXNativeTarget "ControlExtension" */ = {
			isa = XCConfigurationList;
			buildConfigurations = (
				3385DDE944D1186A3A7CA3CD /* Release */,
				C7FD4F57EB7AD6930E8658CE /* Debug */,
				DE12EAC5602BBF311757C3D1 /* Profile */,
			);
			defaultConfigurationIsVisible = 0;
			defaultConfigurationName = Release;
		};
		EBEAD8682B95749600A8D27B /* Build configuration list for PBXNativeTarget "tunnel" */ = {
			isa = XCConfigurationList;
			buildConfigurations = (
				EBEAD8652B95749600A8D27B /* Debug */,
				EBEAD8662B95749600A8D27B /* Release */,
				EBEAD8672B95749600A8D27B /* Profile */,
			);
			defaultConfigurationIsVisible = 0;
			defaultConfigurationName = Release;
		};
/* End XCConfigurationList section */

/* Begin XCLocalSwiftPackageReference section */
		781AD8BC2B33823900A9FFBB /* XCLocalSwiftPackageReference "FlutterGeneratedPluginSwiftPackage" */ = {
			isa = XCLocalSwiftPackageReference;
			relativePath = Flutter/ephemeral/Packages/FlutterGeneratedPluginSwiftPackage;
		};
/* End XCLocalSwiftPackageReference section */

/* Begin XCSwiftPackageProductDependency section */
		78A3181F2AECB46A00862997 /* FlutterGeneratedPluginSwiftPackage */ = {
			isa = XCSwiftPackageProductDependency;
			productName = FlutterGeneratedPluginSwiftPackage;
		};
/* End XCSwiftPackageProductDependency section */
	};
	rootObject = 33CC10E52044A3C60003C045 /* Project object */;
}
